// !$*UTF8*$!
{
	archiveVersion = 1;
	classes = {
	};
	objectVersion = 56;
	objects = {

/* Begin PBXBuildFile section */
		50C60A3D2CF621600080FE89 /* AppDelegate.swift in Sources */ = {isa = PBXBuildFile; fileRef = 50C60A3C2CF621600080FE89 /* AppDelegate.swift */; };
		50C60A3F2CF621600080FE89 /* SceneDelegate.swift in Sources */ = {isa = PBXBuildFile; fileRef = 50C60A3E2CF621600080FE89 /* SceneDelegate.swift */; };
		50C60A412CF621600080FE89 /* ViewController.swift in Sources */ = {isa = PBXBuildFile; fileRef = 50C60A402CF621600080FE89 /* ViewController.swift */; };
		50C60A442CF621600080FE89 /* Main.storyboard in Resources */ = {isa = PBXBuildFile; fileRef = 50C60A422CF621600080FE89 /* Main.storyboard */; };
		50C60A462CF621610080FE89 /* Assets.xcassets in Resources */ = {isa = PBXBuildFile; fileRef = 50C60A452CF621610080FE89 /* Assets.xcassets */; };
		50C60A492CF621610080FE89 /* LaunchScreen.storyboard in Resources */ = {isa = PBXBuildFile; fileRef = 50C60A472CF621610080FE89 /* LaunchScreen.storyboard */; };
		50C60A542CF621620080FE89 /* Hobby_TutorialTests.swift in Sources */ = {isa = PBXBuildFile; fileRef = 50C60A532CF621620080FE89 /* Hobby_TutorialTests.swift */; };
		50C60A5E2CF621620080FE89 /* Hobby_TutorialUITests.swift in Sources */ = {isa = PBXBuildFile; fileRef = 50C60A5D2CF621620080FE89 /* Hobby_TutorialUITests.swift */; };
		50C60A602CF621620080FE89 /* Hobby_TutorialUITestsLaunchTests.swift in Sources */ = {isa = PBXBuildFile; fileRef = 50C60A5F2CF621620080FE89 /* Hobby_TutorialUITestsLaunchTests.swift */; };
/* End PBXBuildFile section */

/* Begin PBXContainerItemProxy section */
		50C60A502CF621620080FE89 /* PBXContainerItemProxy */ = {
			isa = PBXContainerItemProxy;
			containerPortal = 50C60A312CF621600080FE89 /* Project object */;
			proxyType = 1;
			remoteGlobalIDString = 50C60A382CF621600080FE89;
			remoteInfo = "Hobby Tutorial";
		};
		50C60A5A2CF621620080FE89 /* PBXContainerItemProxy */ = {
			isa = PBXContainerItemProxy;
			containerPortal = 50C60A312CF621600080FE89 /* Project object */;
			proxyType = 1;
			remoteGlobalIDString = 50C60A382CF621600080FE89;
			remoteInfo = "Hobby Tutorial";
		};
/* End PBXContainerItemProxy section */

/* Begin PBXFileReference section */
		50C60A392CF621600080FE89 /* Hobby Tutorial.app */ = {isa = PBXFileReference; explicitFileType = wrapper.application; includeInIndex = 0; path = "Hobby Tutorial.app"; sourceTree = BUILT_PRODUCTS_DIR; };
		50C60A3C2CF621600080FE89 /* AppDelegate.swift */ = {isa = PBXFileReference; lastKnownFileType = sourcecode.swift; path = AppDelegate.swift; sourceTree = "<group>"; };
		50C60A3E2CF621600080FE89 /* SceneDelegate.swift */ = {isa = PBXFileReference; lastKnownFileType = sourcecode.swift; path = SceneDelegate.swift; sourceTree = "<group>"; };
		50C60A402CF621600080FE89 /* ViewController.swift */ = {isa = PBXFileReference; lastKnownFileType = sourcecode.swift; path = ViewController.swift; sourceTree = "<group>"; };
		50C60A432CF621600080FE89 /* Base */ = {isa = PBXFileReference; lastKnownFileType = file.storyboard; name = Base; path = Base.lproj/Main.storyboard; sourceTree = "<group>"; };
		50C60A452CF621610080FE89 /* Assets.xcassets */ = {isa = PBXFileReference; lastKnownFileType = folder.assetcatalog; path = Assets.xcassets; sourceTree = "<group>"; };
		50C60A482CF621610080FE89 /* Base */ = {isa = PBXFileReference; lastKnownFileType = file.storyboard; name = Base; path = Base.lproj/LaunchScreen.storyboard; sourceTree = "<group>"; };
		50C60A4A2CF621610080FE89 /* Info.plist */ = {isa = PBXFileReference; lastKnownFileType = text.plist.xml; path = Info.plist; sourceTree = "<group>"; };
		50C60A4F2CF621620080FE89 /* Hobby TutorialTests.xctest */ = {isa = PBXFileReference; explicitFileType = wrapper.cfbundle; includeInIndex = 0; path = "Hobby TutorialTests.xctest"; sourceTree = BUILT_PRODUCTS_DIR; };
		50C60A532CF621620080FE89 /* Hobby_TutorialTests.swift */ = {isa = PBXFileReference; lastKnownFileType = sourcecode.swift; path = Hobby_TutorialTests.swift; sourceTree = "<group>"; };
		50C60A592CF621620080FE89 /* Hobby TutorialUITests.xctest */ = {isa = PBXFileReference; explicitFileType = wrapper.cfbundle; includeInIndex = 0; path = "Hobby TutorialUITests.xctest"; sourceTree = BUILT_PRODUCTS_DIR; };
		50C60A5D2CF621620080FE89 /* Hobby_TutorialUITests.swift */ = {isa = PBXFileReference; lastKnownFileType = sourcecode.swift; path = Hobby_TutorialUITests.swift; sourceTree = "<group>"; };
		50C60A5F2CF621620080FE89 /* Hobby_TutorialUITestsLaunchTests.swift */ = {isa = PBXFileReference; lastKnownFileType = sourcecode.swift; path = Hobby_TutorialUITestsLaunchTests.swift; sourceTree = "<group>"; };
/* End PBXFileReference section */

/* Begin PBXFrameworksBuildPhase section */
		50C60A362CF621600080FE89 /* Frameworks */ = {
			isa = PBXFrameworksBuildPhase;
			buildActionMask = 2147483647;
			files = (
			);
			runOnlyForDeploymentPostprocessing = 0;
		};
		50C60A4C2CF621620080FE89 /* Frameworks */ = {
			isa = PBXFrameworksBuildPhase;
			buildActionMask = 2147483647;
			files = (
			);
			runOnlyForDeploymentPostprocessing = 0;
		};
		50C60A562CF621620080FE89 /* Frameworks */ = {
			isa = PBXFrameworksBuildPhase;
			buildActionMask = 2147483647;
			files = (
			);
			runOnlyForDeploymentPostprocessing = 0;
		};
/* End PBXFrameworksBuildPhase section */

/* Begin PBXGroup section */
		50C60A302CF621600080FE89 = {
			isa = PBXGroup;
			children = (
				50C60A3B2CF621600080FE89 /* Hobby Tutorial */,
				50C60A522CF621620080FE89 /* Hobby TutorialTests */,
				50C60A5C2CF621620080FE89 /* Hobby TutorialUITests */,
				50C60A3A2CF621600080FE89 /* Products */,
			);
			sourceTree = "<group>";
		};
		50C60A3A2CF621600080FE89 /* Products */ = {
			isa = PBXGroup;
			children = (
				50C60A392CF621600080FE89 /* Hobby Tutorial.app */,
				50C60A4F2CF621620080FE89 /* Hobby TutorialTests.xctest */,
				50C60A592CF621620080FE89 /* Hobby TutorialUITests.xctest */,
			);
			name = Products;
			sourceTree = "<group>";
		};
		50C60A3B2CF621600080FE89 /* Hobby Tutorial */ = {
			isa = PBXGroup;
			children = (
				50C60A3C2CF621600080FE89 /* AppDelegate.swift */,
				50C60A3E2CF621600080FE89 /* SceneDelegate.swift */,
				50C60A402CF621600080FE89 /* ViewController.swift */,
				50C60A422CF621600080FE89 /* Main.storyboard */,
				50C60A452CF621610080FE89 /* Assets.xcassets */,
				50C60A472CF621610080FE89 /* LaunchScreen.storyboard */,
				50C60A4A2CF621610080FE89 /* Info.plist */,
			);
			path = "Hobby Tutorial";
			sourceTree = "<group>";
		};
		50C60A522CF621620080FE89 /* Hobby TutorialTests */ = {
			isa = PBXGroup;
			children = (
				50C60A532CF621620080FE89 /* Hobby_TutorialTests.swift */,
			);
			path = "Hobby TutorialTests";
			sourceTree = "<group>";
		};
		50C60A5C2CF621620080FE89 /* Hobby TutorialUITests */ = {
			isa = PBXGroup;
			children = (
				50C60A5D2CF621620080FE89 /* Hobby_TutorialUITests.swift */,
				50C60A5F2CF621620080FE89 /* Hobby_TutorialUITestsLaunchTests.swift */,
			);
			path = "Hobby TutorialUITests";
			sourceTree = "<group>";
		};
/* End PBXGroup section */

/* Begin PBXNativeTarget section */
		50C60A382CF621600080FE89 /* Hobby Tutorial */ = {
			isa = PBXNativeTarget;
			buildConfigurationList = 50C60A632CF621620080FE89 /* Build configuration list for PBXNativeTarget "Hobby Tutorial" */;
			buildPhases = (
				50C60A352CF621600080FE89 /* Sources */,
				50C60A362CF621600080FE89 /* Frameworks */,
				50C60A372CF621600080FE89 /* Resources */,
			);
			buildRules = (
			);
			dependencies = (
			);
			name = "Hobby Tutorial";
			productName = "Hobby Tutorial";
			productReference = 50C60A392CF621600080FE89 /* Hobby Tutorial.app */;
			productType = "com.apple.product-type.application";
		};
		50C60A4E2CF621620080FE89 /* Hobby TutorialTests */ = {
			isa = PBXNativeTarget;
			buildConfigurationList = 50C60A662CF621620080FE89 /* Build configuration list for PBXNativeTarget "Hobby TutorialTests" */;
			buildPhases = (
				50C60A4B2CF621620080FE89 /* Sources */,
				50C60A4C2CF621620080FE89 /* Frameworks */,
				50C60A4D2CF621620080FE89 /* Resources */,
			);
			buildRules = (
			);
			dependencies = (
				50C60A512CF621620080FE89 /* PBXTargetDependency */,
			);
			name = "Hobby TutorialTests";
			productName = "Hobby TutorialTests";
			productReference = 50C60A4F2CF621620080FE89 /* Hobby TutorialTests.xctest */;
			productType = "com.apple.product-type.bundle.unit-test";
		};
		50C60A582CF621620080FE89 /* Hobby TutorialUITests */ = {
			isa = PBXNativeTarget;
			buildConfigurationList = 50C60A692CF621620080FE89 /* Build configuration list for PBXNativeTarget "Hobby TutorialUITests" */;
			buildPhases = (
				50C60A552CF621620080FE89 /* Sources */,
				50C60A562CF621620080FE89 /* Frameworks */,
				50C60A572CF621620080FE89 /* Resources */,
			);
			buildRules = (
			);
			dependencies = (
				50C60A5B2CF621620080FE89 /* PBXTargetDependency */,
			);
			name = "Hobby TutorialUITests";
			productName = "Hobby TutorialUITests";
			productReference = 50C60A592CF621620080FE89 /* Hobby TutorialUITests.xctest */;
			productType = "com.apple.product-type.bundle.ui-testing";
		};
/* End PBXNativeTarget section */

/* Begin PBXProject section */
		50C60A312CF621600080FE89 /* Project object */ = {
			isa = PBXProject;
			attributes = {
				BuildIndependentTargetsInParallel = 1;
				LastSwiftUpdateCheck = 1520;
				LastUpgradeCheck = 1520;
				TargetAttributes = {
					50C60A382CF621600080FE89 = {
						CreatedOnToolsVersion = 15.2;
					};
					50C60A4E2CF621620080FE89 = {
						CreatedOnToolsVersion = 15.2;
						TestTargetID = 50C60A382CF621600080FE89;
					};
					50C60A582CF621620080FE89 = {
						CreatedOnToolsVersion = 15.2;
						TestTargetID = 50C60A382CF621600080FE89;
					};
				};
			};
			buildConfigurationList = 50C60A342CF621600080FE89 /* Build configuration list for PBXProject "Hobby Tutorial" */;
			compatibilityVersion = "Xcode 14.0";
			developmentRegion = en;
			hasScannedForEncodings = 0;
			knownRegions = (
				en,
				Base,
			);
			mainGroup = 50C60A302CF621600080FE89;
			productRefGroup = 50C60A3A2CF621600080FE89 /* Products */;
			projectDirPath = "";
			projectRoot = "";
			targets = (
				50C60A382CF621600080FE89 /* Hobby Tutorial */,
				50C60A4E2CF621620080FE89 /* Hobby TutorialTests */,
				50C60A582CF621620080FE89 /* Hobby TutorialUITests */,
			);
		};
/* End PBXProject section */

/* Begin PBXResourcesBuildPhase section */
		50C60A372CF621600080FE89 /* Resources */ = {
			isa = PBXResourcesBuildPhase;
			buildActionMask = 2147483647;
			files = (
				50C60A492CF621610080FE89 /* LaunchScreen.storyboard in Resources */,
				50C60A462CF621610080FE89 /* Assets.xcassets in Resources */,
				50C60A442CF621600080FE89 /* Main.storyboard in Resources */,
			);
			runOnlyForDeploymentPostprocessing = 0;
		};
		50C60A4D2CF621620080FE89 /* Resources */ = {
			isa = PBXResourcesBuildPhase;
			buildActionMask = 2147483647;
			files = (
			);
			runOnlyForDeploymentPostprocessing = 0;
		};
		50C60A572CF621620080FE89 /* Resources */ = {
			isa = PBXResourcesBuildPhase;
			buildActionMask = 2147483647;
			files = (
			);
			runOnlyForDeploymentPostprocessing = 0;
		};
/* End PBXResourcesBuildPhase section */

/* Begin PBXSourcesBuildPhase section */
		50C60A352CF621600080FE89 /* Sources */ = {
			isa = PBXSourcesBuildPhase;
			buildActionMask = 2147483647;
			files = (
				50C60A412CF621600080FE89 /* ViewController.swift in Sources */,
				50C60A3D2CF621600080FE89 /* AppDelegate.swift in Sources */,
				50C60A3F2CF621600080FE89 /* SceneDelegate.swift in Sources */,
			);
			runOnlyForDeploymentPostprocessing = 0;
		};
		50C60A4B2CF621620080FE89 /* Sources */ = {
			isa = PBXSourcesBuildPhase;
			buildActionMask = 2147483647;
			files = (
				50C60A542CF621620080FE89 /* Hobby_TutorialTests.swift in Sources */,
			);
			runOnlyForDeploymentPostprocessing = 0;
		};
		50C60A552CF621620080FE89 /* Sources */ = {
			isa = PBXSourcesBuildPhase;
			buildActionMask = 2147483647;
			files = (
				50C60A5E2CF621620080FE89 /* Hobby_TutorialUITests.swift in Sources */,
				50C60A602CF621620080FE89 /* Hobby_TutorialUITestsLaunchTests.swift in Sources */,
			);
			runOnlyForDeploymentPostprocessing = 0;
		};
/* End PBXSourcesBuildPhase section */

/* Begin PBXTargetDependency section */
		50C60A512CF621620080FE89 /* PBXTargetDependency */ = {
			isa = PBXTargetDependency;
			target = 50C60A382CF621600080FE89 /* Hobby Tutorial */;
			targetProxy = 50C60A502CF621620080FE89 /* PBXContainerItemProxy */;
		};
		50C60A5B2CF621620080FE89 /* PBXTargetDependency */ = {
			isa = PBXTargetDependency;
			target = 50C60A382CF621600080FE89 /* Hobby Tutorial */;
			targetProxy = 50C60A5A2CF621620080FE89 /* PBXContainerItemProxy */;
		};
/* End PBXTargetDependency section */

/* Begin PBXVariantGroup section */
		50C60A422CF621600080FE89 /* Main.storyboard */ = {
			isa = PBXVariantGroup;
			children = (
				50C60A432CF621600080FE89 /* Base */,
			);
			name = Main.storyboard;
			sourceTree = "<group>";
		};
		50C60A472CF621610080FE89 /* LaunchScreen.storyboard */ = {
			isa = PBXVariantGroup;
			children = (
				50C60A482CF621610080FE89 /* Base */,
			);
			name = LaunchScreen.storyboard;
			sourceTree = "<group>";
		};
/* End PBXVariantGroup section */

/* Begin XCBuildConfiguration section */
		50C60A612CF621620080FE89 /* Debug */ = {
			isa = XCBuildConfiguration;
			buildSettings = {
				ALWAYS_SEARCH_USER_PATHS = NO;
				ASSETCATALOG_COMPILER_GENERATE_SWIFT_ASSET_SYMBOL_EXTENSIONS = YES;
				CLANG_ANALYZER_NONNULL = YES;
				CLANG_ANALYZER_NUMBER_OBJECT_CONVERSION = YES_AGGRESSIVE;
				CLANG_CXX_LANGUAGE_STANDARD = "gnu++20";
				CLANG_ENABLE_MODULES = YES;
				CLANG_ENABLE_OBJC_ARC = YES;
				CLANG_ENABLE_OBJC_WEAK = YES;
				CLANG_WARN_BLOCK_CAPTURE_AUTORELEASING = YES;
				CLANG_WARN_BOOL_CONVERSION = YES;
				CLANG_WARN_COMMA = YES;
				CLANG_WARN_CONSTANT_CONVERSION = YES;
				CLANG_WARN_DEPRECATED_OBJC_IMPLEMENTATIONS = YES;
				CLANG_WARN_DIRECT_OBJC_ISA_USAGE = YES_ERROR;
				CLANG_WARN_DOCUMENTATION_COMMENTS = YES;
				CLANG_WARN_EMPTY_BODY = YES;
				CLANG_WARN_ENUM_CONVERSION = YES;
				CLANG_WARN_INFINITE_RECURSION = YES;
				CLANG_WARN_INT_CONVERSION = YES;
				CLANG_WARN_NON_LITERAL_NULL_CONVERSION = YES;
				CLANG_WARN_OBJC_IMPLICIT_RETAIN_SELF = YES;
				CLANG_WARN_OBJC_LITERAL_CONVERSION = YES;
				CLANG_WARN_OBJC_ROOT_CLASS = YES_ERROR;
				CLANG_WARN_QUOTED_INCLUDE_IN_FRAMEWORK_HEADER = YES;
				CLANG_WARN_RANGE_LOOP_ANALYSIS = YES;
				CLANG_WARN_STRICT_PROTOTYPES = YES;
				CLANG_WARN_SUSPICIOUS_MOVE = YES;
				CLANG_WARN_UNGUARDED_AVAILABILITY = YES_AGGRESSIVE;
				CLANG_WARN_UNREACHABLE_CODE = YES;
				CLANG_WARN__DUPLICATE_METHOD_MATCH = YES;
				COPY_PHASE_STRIP = NO;
				DEBUG_INFORMATION_FORMAT = dwarf;
				ENABLE_STRICT_OBJC_MSGSEND = YES;
				ENABLE_TESTABILITY = YES;
				ENABLE_USER_SCRIPT_SANDBOXING = YES;
				GCC_C_LANGUAGE_STANDARD = gnu17;
				GCC_DYNAMIC_NO_PIC = NO;
				GCC_NO_COMMON_BLOCKS = YES;
				GCC_OPTIMIZATION_LEVEL = 0;
				GCC_PREPROCESSOR_DEFINITIONS = (
					"DEBUG=1",
					"$(inherited)",
				);
				GCC_WARN_64_TO_32_BIT_CONVERSION = YES;
				GCC_WARN_ABOUT_RETURN_TYPE = YES_ERROR;
				GCC_WARN_UNDECLARED_SELECTOR = YES;
				GCC_WARN_UNINITIALIZED_AUTOS = YES_AGGRESSIVE;
				GCC_WARN_UNUSED_FUNCTION = YES;
				GCC_WARN_UNUSED_VARIABLE = YES;
				IPHONEOS_DEPLOYMENT_TARGET = 17.2;
				LOCALIZATION_PREFERS_STRING_CATALOGS = YES;
				MTL_ENABLE_DEBUG_INFO = INCLUDE_SOURCE;
				MTL_FAST_MATH = YES;
				ONLY_ACTIVE_ARCH = YES;
				SDKROOT = iphoneos;
				SWIFT_ACTIVE_COMPILATION_CONDITIONS = "DEBUG $(inherited)";
				SWIFT_OPTIMIZATION_LEVEL = "-Onone";
			};
			name = Debug;
		};
		50C60A622CF621620080FE89 /* Release */ = {
			isa = XCBuildConfiguration;
			buildSettings = {
				ALWAYS_SEARCH_USER_PATHS = NO;
				ASSETCATALOG_COMPILER_GENERATE_SWIFT_ASSET_SYMBOL_EXTENSIONS = YES;
				CLANG_ANALYZER_NONNULL = YES;
				CLANG_ANALYZER_NUMBER_OBJECT_CONVERSION = YES_AGGRESSIVE;
				CLANG_CXX_LANGUAGE_STANDARD = "gnu++20";
				CLANG_ENABLE_MODULES = YES;
				CLANG_ENABLE_OBJC_ARC = YES;
				CLANG_ENABLE_OBJC_WEAK = YES;
				CLANG_WARN_BLOCK_CAPTURE_AUTORELEASING = YES;
				CLANG_WARN_BOOL_CONVERSION = YES;
				CLANG_WARN_COMMA = YES;
				CLANG_WARN_CONSTANT_CONVERSION = YES;
				CLANG_WARN_DEPRECATED_OBJC_IMPLEMENTATIONS = YES;
				CLANG_WARN_DIRECT_OBJC_ISA_USAGE = YES_ERROR;
				CLANG_WARN_DOCUMENTATION_COMMENTS = YES;
				CLANG_WARN_EMPTY_BODY = YES;
				CLANG_WARN_ENUM_CONVERSION = YES;
				CLANG_WARN_INFINITE_RECURSION = YES;
				CLANG_WARN_INT_CONVERSION = YES;
				CLANG_WARN_NON_LITERAL_NULL_CONVERSION = YES;
				CLANG_WARN_OBJC_IMPLICIT_RETAIN_SELF = YES;
				CLANG_WARN_OBJC_LITERAL_CONVERSION = YES;
				CLANG_WARN_OBJC_ROOT_CLASS = YES_ERROR;
				CLANG_WARN_QUOTED_INCLUDE_IN_FRAMEWORK_HEADER = YES;
				CLANG_WARN_RANGE_LOOP_ANALYSIS = YES;
				CLANG_WARN_STRICT_PROTOTYPES = YES;
				CLANG_WARN_SUSPICIOUS_MOVE = YES;
				CLANG_WARN_UNGUARDED_AVAILABILITY = YES_AGGRESSIVE;
				CLANG_WARN_UNREACHABLE_CODE = YES;
				CLANG_WARN__DUPLICATE_METHOD_MATCH = YES;
				COPY_PHASE_STRIP = NO;
				DEBUG_INFORMATION_FORMAT = "dwarf-with-dsym";
				ENABLE_NS_ASSERTIONS = NO;
				ENABLE_STRICT_OBJC_MSGSEND = YES;
				ENABLE_USER_SCRIPT_SANDBOXING = YES;
				GCC_C_LANGUAGE_STANDARD = gnu17;
				GCC_NO_COMMON_BLOCKS = YES;
				GCC_WARN_64_TO_32_BIT_CONVERSION = YES;
				GCC_WARN_ABOUT_RETURN_TYPE = YES_ERROR;
				GCC_WARN_UNDECLARED_SELECTOR = YES;
				GCC_WARN_UNINITIALIZED_AUTOS = YES_AGGRESSIVE;
				GCC_WARN_UNUSED_FUNCTION = YES;
				GCC_WARN_UNUSED_VARIABLE = YES;
				IPHONEOS_DEPLOYMENT_TARGET = 17.2;
				LOCALIZATION_PREFERS_STRING_CATALOGS = YES;
				MTL_ENABLE_DEBUG_INFO = NO;
				MTL_FAST_MATH = YES;
				SDKROOT = iphoneos;
				SWIFT_COMPILATION_MODE = wholemodule;
				VALIDATE_PRODUCT = YES;
			};
			name = Release;
		};
		50C60A642CF621620080FE89 /* Debug */ = {
			isa = XCBuildConfiguration;
			buildSettings = {
				ASSETCATALOG_COMPILER_APPICON_NAME = AppIcon;
				ASSETCATALOG_COMPILER_GLOBAL_ACCENT_COLOR_NAME = AccentColor;
				CODE_SIGN_STYLE = Automatic;
				CURRENT_PROJECT_VERSION = 1;
				GENERATE_INFOPLIST_FILE = YES;
				INFOPLIST_FILE = "Hobby Tutorial/Info.plist";
				INFOPLIST_KEY_UIApplicationSupportsIndirectInputEvents = YES;
				INFOPLIST_KEY_UILaunchStoryboardName = LaunchScreen;
				INFOPLIST_KEY_UIMainStoryboardFile = Main;
				INFOPLIST_KEY_UISupportedInterfaceOrientations_iPad = "UIInterfaceOrientationPortrait UIInterfaceOrientationPortraitUpsideDown UIInterfaceOrientationLandscapeLeft UIInterfaceOrientationLandscapeRight";
				INFOPLIST_KEY_UISupportedInterfaceOrientations_iPhone = "UIInterfaceOrientationPortrait UIInterfaceOrientationLandscapeLeft UIInterfaceOrientationLandscapeRight";
				LD_RUNPATH_SEARCH_PATHS = (
					"$(inherited)",
					"@executable_path/Frameworks",
				);
				MARKETING_VERSION = 1.0;
				PRODUCT_BUNDLE_IDENTIFIER = "CSC118.Hobby-Tutorial";
				PRODUCT_NAME = "$(TARGET_NAME)";
				SWIFT_EMIT_LOC_STRINGS = YES;
				SWIFT_VERSION = 5.0;
				TARGETED_DEVICE_FAMILY = "1,2";
			};
			name = Debug;
		};
		50C60A652CF621620080FE89 /* Release */ = {
			isa = XCBuildConfiguration;
			buildSettings = {
				ASSETCATALOG_COMPILER_APPICON_NAME = AppIcon;
				ASSETCATALOG_COMPILER_GLOBAL_ACCENT_COLOR_NAME = AccentColor;
				CODE_SIGN_STYLE = Automatic;
				CURRENT_PROJECT_VERSION = 1;
				GENERATE_INFOPLIST_FILE = YES;
				INFOPLIST_FILE = "Hobby Tutorial/Info.plist";
				INFOPLIST_KEY_UIApplicationSupportsIndirectInputEvents = YES;
				INFOPLIST_KEY_UILaunchStoryboardName = LaunchScreen;
				INFOPLIST_KEY_UIMainStoryboardFile = Main;
				INFOPLIST_KEY_UISupportedInterfaceOrientations_iPad = "UIInterfaceOrientationPortrait UIInterfaceOrientationPortraitUpsideDown UIInterfaceOrientationLandscapeLeft UIInterfaceOrientationLandscapeRight";
				INFOPLIST_KEY_UISupportedInterfaceOrientations_iPhone = "UIInterfaceOrientationPortrait UIInterfaceOrientationLandscapeLeft UIInterfaceOrientationLandscapeRight";
				LD_RUNPATH_SEARCH_PATHS = (
					"$(inherited)",
					"@executable_path/Frameworks",
				);
				MARKETING_VERSION = 1.0;
				PRODUCT_BUNDLE_IDENTIFIER = "CSC118.Hobby-Tutorial";
				PRODUCT_NAME = "$(TARGET_NAME)";
				SWIFT_EMIT_LOC_STRINGS = YES;
				SWIFT_VERSION = 5.0;
				TARGETED_DEVICE_FAMILY = "1,2";
			};
			name = Release;
		};
		50C60A672CF621620080FE89 /* Debug */ = {
			isa = XCBuildConfiguration;
			buildSettings = {
				ALWAYS_EMBED_SWIFT_STANDARD_LIBRARIES = YES;
				BUNDLE_LOADER = "$(TEST_HOST)";
				CODE_SIGN_STYLE = Automatic;
				CURRENT_PROJECT_VERSION = 1;
				GENERATE_INFOPLIST_FILE = YES;
				IPHONEOS_DEPLOYMENT_TARGET = 17.2;
				MARKETING_VERSION = 1.0;
				PRODUCT_BUNDLE_IDENTIFIER = "CSC118.Hobby-TutorialTests";
				PRODUCT_NAME = "$(TARGET_NAME)";
				SWIFT_EMIT_LOC_STRINGS = NO;
				SWIFT_VERSION = 5.0;
				TARGETED_DEVICE_FAMILY = "1,2";
				TEST_HOST = "$(BUILT_PRODUCTS_DIR)/Hobby Tutorial.app/$(BUNDLE_EXECUTABLE_FOLDER_PATH)/Hobby Tutorial";
			};
			name = Debug;
		};
		50C60A682CF621620080FE89 /* Release */ = {
			isa = XCBuildConfiguration;
			buildSettings = {
				ALWAYS_EMBED_SWIFT_STANDARD_LIBRARIES = YES;
				BUNDLE_LOADER = "$(TEST_HOST)";
				CODE_SIGN_STYLE = Automatic;
				CURRENT_PROJECT_VERSION = 1;
				GENERATE_INFOPLIST_FILE = YES;
				IPHONEOS_DEPLOYMENT_TARGET = 17.2;
				MARKETING_VERSION = 1.0;
				PRODUCT_BUNDLE_IDENTIFIER = "CSC118.Hobby-TutorialTests";
				PRODUCT_NAME = "$(TARGET_NAME)";
				SWIFT_EMIT_LOC_STRINGS = NO;
				SWIFT_VERSION = 5.0;
				TARGETED_DEVICE_FAMILY = "1,2";
				TEST_HOST = "$(BUILT_PRODUCTS_DIR)/Hobby Tutorial.app/$(BUNDLE_EXECUTABLE_FOLDER_PATH)/Hobby Tutorial";
			};
			name = Release;
		};
		50C60A6A2CF621620080FE89 /* Debug */ = {
			isa = XCBuildConfiguration;
			buildSettings = {
				ALWAYS_EMBED_SWIFT_STANDARD_LIBRARIES = YES;
				CODE_SIGN_STYLE = Automatic;
				CURRENT_PROJECT_VERSION = 1;
				GENERATE_INFOPLIST_FILE = YES;
				MARKETING_VERSION = 1.0;
				PRODUCT_BUNDLE_IDENTIFIER = "CSC118.Hobby-TutorialUITests";
				PRODUCT_NAME = "$(TARGET_NAME)";
				SWIFT_EMIT_LOC_STRINGS = NO;
				SWIFT_VERSION = 5.0;
				TARGETED_DEVICE_FAMILY = "1,2";
				TEST_TARGET_NAME = "Hobby Tutorial";
			};
			name = Debug;
		};
		50C60A6B2CF621620080FE89 /* Release */ = {
			isa = XCBuildConfiguration;
			buildSettings = {
				ALWAYS_EMBED_SWIFT_STANDARD_LIBRARIES = YES;
				CODE_SIGN_STYLE = Automatic;
				CURRENT_PROJECT_VERSION = 1;
				GENERATE_INFOPLIST_FILE = YES;
				MARKETING_VERSION = 1.0;
				PRODUCT_BUNDLE_IDENTIFIER = "CSC118.Hobby-TutorialUITests";
				PRODUCT_NAME = "$(TARGET_NAME)";
				SWIFT_EMIT_LOC_STRINGS = NO;
				SWIFT_VERSION = 5.0;
				TARGETED_DEVICE_FAMILY = "1,2";
				TEST_TARGET_NAME = "Hobby Tutorial";
			};
			name = Release;
		};
/* End XCBuildConfiguration section */

/* Begin XCConfigurationList section */
		50C60A342CF621600080FE89 /* Build configuration list for PBXProject "Hobby Tutorial" */ = {
			isa = XCConfigurationList;
			buildConfigurations = (
				50C60A612CF621620080FE89 /* Debug */,
				50C60A622CF621620080FE89 /* Release */,
			);
			defaultConfigurationIsVisible = 0;
			defaultConfigurationName = Release;
		};
		50C60A632CF621620080FE89 /* Build configuration list for PBXNativeTarget "Hobby Tutorial" */ = {
			isa = XCConfigurationList;
			buildConfigurations = (
				50C60A642CF621620080FE89 /* Debug */,
				50C60A652CF621620080FE89 /* Release */,
			);
			defaultConfigurationIsVisible = 0;
			defaultConfigurationName = Release;
		};
		50C60A662CF621620080FE89 /* Build configuration list for PBXNativeTarget "Hobby TutorialTests" */ = {
			isa = XCConfigurationList;
			buildConfigurations = (
				50C60A672CF621620080FE89 /* Debug */,
				50C60A682CF621620080FE89 /* Release */,
			);
			defaultConfigurationIsVisible = 0;
			defaultConfigurationName = Release;
		};
		50C60A692CF621620080FE89 /* Build configuration list for PBXNativeTarget "Hobby TutorialUITests" */ = {
			isa = XCConfigurationList;
			buildConfigurations = (
				50C60A6A2CF621620080FE89 /* Debug */,
				50C60A6B2CF621620080FE89 /* Release */,
			);
			defaultConfigurationIsVisible = 0;
			defaultConfigurationName = Release;
		};
/* End XCConfigurationList section */
	};
	rootObject = 50C60A312CF621600080FE89 /* Project object */;
}
